{
  "name": "kejaPrime",
  "lockfileVersion": 3,
  "requires": true,
  "packages": {
    "": {
      "dependencies": {
        "framer-motion": "^11.11.4"
      }
    },
    "node_modules/framer-motion": {
      "version": "11.11.4",
      "resolved": "https://registry.npmjs.org/framer-motion/-/framer-motion-11.11.4.tgz",
      "integrity": "sha512-54UE9loF2ZBgyjdMmxzp9kxm0gvYjFfpd7GiThdCCp5+J0P4Oa7pM0yusd9Y3rm/EUAdD+FfgqRXfbK7k3RFiA==",
      "dependencies": {
        "tslib": "^2.4.0"
      },
      "peerDependencies": {
        "@emotion/is-prop-valid": "*",
        "react": "^18.0.0",
        "react-dom": "^18.0.0"
      },
      "peerDependenciesMeta": {
        "@emotion/is-prop-valid": {
          "optional": true
        },
        "react": {
          "optional": true
        },
        "react-dom": {
          "optional": true
        }
      }
    },
    "node_modules/tslib": {
      "version": "2.7.0",
      "resolved": "https://registry.npmjs.org/tslib/-/tslib-2.7.0.tgz",
      "integrity": "sha512-gLXCKdN1/j47AiHiOkJN69hJmcbGTHI0ImLmbYLHykhgeN0jVGola9yVjFgzCUklsZQMW55o+dW7IXv3RCXDzA=="
    }
  }
}
